
Microsoft Visual Studio Solution File, Format Version 12.00
# Visual Studio Version 16
VisualStudioVersion = 16.0.32106.194
MinimumVisualStudioVersion = 10.0.40219.1
Project("{FAE04EC0-301F-11D3-BF4B-00C04F79EFBC}") = "WindowsFormsApp46", "WindowsFormsApp46\WindowsFormsApp46.csproj", "{DB69DE09-D52E-4604-A3F4-CD5BC5D94A83}"
EndProject
Global
	GlobalSection(SolutionConfigurationPlatforms) = preSolution
		Debug|Any CPU = Debug|Any CPU
		Release|Any CPU = Release|Any CPU
	EndGlobalSection
	GlobalSection(ProjectConfigurationPlatforms) = postSolution
		{DB69DE09-D52E-4604-A3F4-CD5BC5D94A83}.Debug|Any CPU.ActiveCfg = Debug|Any CPU
		{DB69DE09-D52E-4604-A3F4-CD5BC5D94A83}.Debug|Any CPU.Build.0 = Debug|Any CPU
		{DB69DE09-D52E-4604-A3F4-CD5BC5D94A83}.Release|Any CPU.ActiveCfg = Release|Any CPU
		{DB69DE09-D52E-4604-A3F4-CD5BC5D94A83}.Release|Any CPU.Build.0 = Release|Any CPU
	EndGlobalSection
	GlobalSection(SolutionProperties) = preSolution
		HideSolutionNode = FALSE
	EndGlobalSection
	GlobalSection(ExtensibilityGlobals) = postSolution
		SolutionGuid = {949D8365-2EC4-46F7-9919-0E07EA5825F4}
	EndGlobalSection
EndGlobal
